// !$*UTF8*$!
{
	archiveVersion = 1;
	classes = {
	};
	objectVersion = 56;
	objects = {

/* Begin PBXBuildFile section */
		57ADB3C92B7B78A100C39F16 /* FactoryDependencyInjectionApp.swift in Sources */ = {isa = PBXBuildFile; fileRef = 57ADB3C82B7B78A100C39F16 /* FactoryDependencyInjectionApp.swift */; };
		57ADB3CB2B7B78A100C39F16 /* ContentView.swift in Sources */ = {isa = PBXBuildFile; fileRef = 57ADB3CA2B7B78A100C39F16 /* ContentView.swift */; };
		57ADB3CD2B7B78A200C39F16 /* Assets.xcassets in Resources */ = {isa = PBXBuildFile; fileRef = 57ADB3CC2B7B78A200C39F16 /* Assets.xcassets */; };
		57ADB3D02B7B78A200C39F16 /* Preview Assets.xcassets in Resources */ = {isa = PBXBuildFile; fileRef = 57ADB3CF2B7B78A200C39F16 /* Preview Assets.xcassets */; };
		57ADB3D92B7B78B800C39F16 /* Factory in Frameworks */ = {isa = PBXBuildFile; productRef = 57ADB3D82B7B78B800C39F16 /* Factory */; };
		57ADB3DB2B7B78C500C39F16 /* FactoryAdapter.swift in Sources */ = {isa = PBXBuildFile; fileRef = 57ADB3DA2B7B78C500C39F16 /* FactoryAdapter.swift */; };
		57ADB3DF2B7B7B8D00C39F16 /* MyService.swift in Sources */ = {isa = PBXBuildFile; fileRef = 57ADB3DE2B7B7B8D00C39F16 /* MyService.swift */; };
		57ADB3E12B7B806400C39F16 /* README.md in Resources */ = {isa = PBXBuildFile; fileRef = 57ADB3E02B7B806400C39F16 /* README.md */; };
/* End PBXBuildFile section */

/* Begin PBXFileReference section */
		57ADB3C52B7B78A100C39F16 /* FactoryDependencyInjection.app */ = {isa = PBXFileReference; explicitFileType = wrapper.application; includeInIndex = 0; path = FactoryDependencyInjection.app; sourceTree = BUILT_PRODUCTS_DIR; };
		57ADB3C82B7B78A100C39F16 /* FactoryDependencyInjectionApp.swift */ = {isa = PBXFileReference; lastKnownFileType = sourcecode.swift; path = FactoryDependencyInjectionApp.swift; sourceTree = "<group>"; };
		57ADB3CA2B7B78A100C39F16 /* ContentView.swift */ = {isa = PBXFileReference; lastKnownFileType = sourcecode.swift; path = ContentView.swift; sourceTree = "<group>"; };
		57ADB3CC2B7B78A200C39F16 /* Assets.xcassets */ = {isa = PBXFileReference; lastKnownFileType = folder.assetcatalog; path = Assets.xcassets; sourceTree = "<group>"; };
		57ADB3CF2B7B78A200C39F16 /* Preview Assets.xcassets */ = {isa = PBXFileReference; lastKnownFileType = folder.assetcatalog; path = "Preview Assets.xcassets"; sourceTree = "<group>"; };
		57ADB3D12B7B78A200C39F16 /* FactoryDependencyInjection.entitlements */ = {isa = PBXFileReference; lastKnownFileType = text.plist.entitlements; path = FactoryDependencyInjection.entitlements; sourceTree = "<group>"; };
		57ADB3DA2B7B78C500C39F16 /* FactoryAdapter.swift */ = {isa = PBXFileReference; fileEncoding = 4; lastKnownFileType = sourcecode.swift; path = FactoryAdapter.swift; sourceTree = "<group>"; };
		57ADB3DE2B7B7B8D00C39F16 /* MyService.swift */ = {isa = PBXFileReference; lastKnownFileType = sourcecode.swift; path = MyService.swift; sourceTree = "<group>"; };
		57ADB3E02B7B806400C39F16 /* README.md */ = {isa = PBXFileReference; fileEncoding = 4; lastKnownFileType = net.daringfireball.markdown; path = README.md; sourceTree = "<group>"; };
/* End PBXFileReference section */

/* Begin PBXFrameworksBuildPhase section */
		57ADB3C22B7B78A100C39F16 /* Frameworks */ = {
			isa = PBXFrameworksBuildPhase;
			buildActionMask = 2147483647;
			files = (
				57ADB3D92B7B78B800C39F16 /* Factory in Frameworks */,
			);
			runOnlyForDeploymentPostprocessing = 0;
		};
/* End PBXFrameworksBuildPhase section */

/* Begin PBXGroup section */
		57ADB3BC2B7B78A100C39F16 = {
			isa = PBXGroup;
			children = (
				57ADB3C72B7B78A100C39F16 /* FactoryDependencyInjection */,
				57ADB3C62B7B78A100C39F16 /* Products */,
			);
			sourceTree = "<group>";
		};
		57ADB3C62B7B78A100C39F16 /* Products */ = {
			isa = PBXGroup;
			children = (
				57ADB3C52B7B78A100C39F16 /* FactoryDependencyInjection.app */,
			);
			name = Products;
			sourceTree = "<group>";
		};
		57ADB3C72B7B78A100C39F16 /* FactoryDependencyInjection */ = {
			isa = PBXGroup;
			children = (
				57ADB3E02B7B806400C39F16 /* README.md */,
				57ADB3C82B7B78A100C39F16 /* FactoryDependencyInjectionApp.swift */,
				57ADB3CA2B7B78A100C39F16 /* ContentView.swift */,
				57ADB3DA2B7B78C500C39F16 /* FactoryAdapter.swift */,
				57ADB3DE2B7B7B8D00C39F16 /* MyService.swift */,
				57ADB3CC2B7B78A200C39F16 /* Assets.xcassets */,
				57ADB3D12B7B78A200C39F16 /* FactoryDependencyInjection.entitlements */,
				57ADB3CE2B7B78A200C39F16 /* Preview Content */,
			);
			path = FactoryDependencyInjection;
			sourceTree = "<group>";
		};
		57ADB3CE2B7B78A200C39F16 /* Preview Content */ = {
			isa = PBXGroup;
			children = (
				57ADB3CF2B7B78A200C39F16 /* Preview Assets.xcassets */,
			);
			path = "Preview Content";
			sourceTree = "<group>";
		};
/* End PBXGroup section */

/* Begin PBXNativeTarget section */
		57ADB3C42B7B78A100C39F16 /* FactoryDependencyInjection */ = {
			isa = PBXNativeTarget;
			buildConfigurationList = 57ADB3D42B7B78A200C39F16 /* Build configuration list for PBXNativeTarget "FactoryDependencyInjection" */;
			buildPhases = (
				57ADB3C12B7B78A100C39F16 /* Sources */,
				57ADB3C22B7B78A100C39F16 /* Frameworks */,
				57ADB3C32B7B78A100C39F16 /* Resources */,
			);
			buildRules = (
			);
			dependencies = (
			);
			name = FactoryDependencyInjection;
			packageProductDependencies = (
				57ADB3D82B7B78B800C39F16 /* Factory */,
			);
			productName = FactoryDependencyInjection;
			productReference = 57ADB3C52B7B78A100C39F16 /* FactoryDependencyInjection.app */;
			productType = "com.apple.product-type.application";
		};
/* End PBXNativeTarget section */

/* Begin PBXProject section */
		57ADB3BD2B7B78A100C39F16 /* Project object */ = {
			isa = PBXProject;
			attributes = {
				BuildIndependentTargetsInParallel = 1;
				LastSwiftUpdateCheck = 1520;
				LastUpgradeCheck = 1520;
				TargetAttributes = {
					57ADB3C42B7B78A100C39F16 = {
						CreatedOnToolsVersion = 15.2;
					};
				};
			};
			buildConfigurationList = 57ADB3C02B7B78A100C39F16 /* Build configuration list for PBXProject "FactoryDependencyInjection" */;
			compatibilityVersion = "Xcode 14.0";
			developmentRegion = en;
			hasScannedForEncodings = 0;
			knownRegions = (
				en,
				Base,
			);
			mainGroup = 57ADB3BC2B7B78A100C39F16;
			packageReferences = (
				57ADB3D72B7B78B800C39F16 /* XCRemoteSwiftPackageReference "Factory" */,
			);
			productRefGroup = 57ADB3C62B7B78A100C39F16 /* Products */;
			projectDirPath = "";
			projectRoot = "";
			targets = (
				57ADB3C42B7B78A100C39F16 /* FactoryDependencyInjection */,
			);
		};
/* End PBXProject section */

/* Begin PBXResourcesBuildPhase section */
		57ADB3C32B7B78A100C39F16 /* Resources */ = {
			isa = PBXResourcesBuildPhase;
			buildActionMask = 2147483647;
			files = (
				57ADB3E12B7B806400C39F16 /* README.md in Resources */,
				57ADB3D02B7B78A200C39F16 /* Preview Assets.xcassets in Resources */,
				57ADB3CD2B7B78A200C39F16 /* Assets.xcassets in Resources */,
			);
			runOnlyForDeploymentPostprocessing = 0;
		};
/* End PBXResourcesBuildPhase section */

/* Begin PBXSourcesBuildPhase section */
		57ADB3C12B7B78A100C39F16 /* Sources */ = {
			isa = PBXSourcesBuildPhase;
			buildActionMask = 2147483647;
			files = (
				57ADB3CB2B7B78A100C39F16 /* ContentView.swift in Sources */,
				57ADB3DF2B7B7B8D00C39F16 /* MyService.swift in Sources */,
				57ADB3C92B7B78A100C39F16 /* FactoryDependencyInjectionApp.swift in Sources */,
				57ADB3DB2B7B78C500C39F16 /* FactoryAdapter.swift in Sources */,
			);
			runOnlyForDeploymentPostprocessing = 0;
		};
/* End PBXSourcesBuildPhase section */

/* Begin XCBuildConfiguration section */
		57ADB3D22B7B78A200C39F16 /* Debug */ = {
			isa = XCBuildConfiguration;
			buildSettings = {
				ALWAYS_SEARCH_USER_PATHS = NO;
				ASSETCATALOG_COMPILER_GENERATE_SWIFT_ASSET_SYMBOL_EXTENSIONS = YES;
				CLANG_ANALYZER_NONNULL = YES;
				CLANG_ANALYZER_NUMBER_OBJECT_CONVERSION = YES_AGGRESSIVE;
				CLANG_CXX_LANGUAGE_STANDARD = "gnu++20";
				CLANG_ENABLE_MODULES = YES;
				CLANG_ENABLE_OBJC_ARC = YES;
				CLANG_ENABLE_OBJC_WEAK = YES;
				CLANG_WARN_BLOCK_CAPTURE_AUTORELEASING = YES;
				CLANG_WARN_BOOL_CONVERSION = YES;
				CLANG_WARN_COMMA = YES;
				CLANG_WARN_CONSTANT_CONVERSION = YES;
				CLANG_WARN_DEPRECATED_OBJC_IMPLEMENTATIONS = YES;
				CLANG_WARN_DIRECT_OBJC_ISA_USAGE = YES_ERROR;
				CLANG_WARN_DOCUMENTATION_COMMENTS = YES;
				CLANG_WARN_EMPTY_BODY = YES;
				CLANG_WARN_ENUM_CONVERSION = YES;
				CLANG_WARN_INFINITE_RECURSION = YES;
				CLANG_WARN_INT_CONVERSION = YES;
				CLANG_WARN_NON_LITERAL_NULL_CONVERSION = YES;
				CLANG_WARN_OBJC_IMPLICIT_RETAIN_SELF = YES;
				CLANG_WARN_OBJC_LITERAL_CONVERSION = YES;
				CLANG_WARN_OBJC_ROOT_CLASS = YES_ERROR;
				CLANG_WARN_QUOTED_INCLUDE_IN_FRAMEWORK_HEADER = YES;
				CLANG_WARN_RANGE_LOOP_ANALYSIS = YES;
				CLANG_WARN_STRICT_PROTOTYPES = YES;
				CLANG_WARN_SUSPICIOUS_MOVE = YES;
				CLANG_WARN_UNGUARDED_AVAILABILITY = YES_AGGRESSIVE;
				CLANG_WARN_UNREACHABLE_CODE = YES;
				CLANG_WARN__DUPLICATE_METHOD_MATCH = YES;
				COPY_PHASE_STRIP = NO;
				DEBUG_INFORMATION_FORMAT = dwarf;
				ENABLE_STRICT_OBJC_MSGSEND = YES;
				ENABLE_TESTABILITY = YES;
				ENABLE_USER_SCRIPT_SANDBOXING = YES;
				GCC_C_LANGUAGE_STANDARD = gnu17;
				GCC_DYNAMIC_NO_PIC = NO;
				GCC_NO_COMMON_BLOCKS = YES;
				GCC_OPTIMIZATION_LEVEL = 0;
				GCC_PREPROCESSOR_DEFINITIONS = (
					"DEBUG=1",
					"$(inherited)",
				);
				GCC_WARN_64_TO_32_BIT_CONVERSION = YES;
				GCC_WARN_ABOUT_RETURN_TYPE = YES_ERROR;
				GCC_WARN_UNDECLARED_SELECTOR = YES;
				GCC_WARN_UNINITIALIZED_AUTOS = YES_AGGRESSIVE;
				GCC_WARN_UNUSED_FUNCTION = YES;
				GCC_WARN_UNUSED_VARIABLE = YES;
				LOCALIZATION_PREFERS_STRING_CATALOGS = YES;
				MACOSX_DEPLOYMENT_TARGET = 14.2;
				MTL_ENABLE_DEBUG_INFO = INCLUDE_SOURCE;
				MTL_FAST_MATH = YES;
				ONLY_ACTIVE_ARCH = YES;
				SDKROOT = macosx;
				SWIFT_ACTIVE_COMPILATION_CONDITIONS = "DEBUG $(inherited)";
				SWIFT_OPTIMIZATION_LEVEL = "-Onone";
			};
			name = Debug;
		};
		57ADB3D32B7B78A200C39F16 /* Release */ = {
			isa = XCBuildConfiguration;
			buildSettings = {
				ALWAYS_SEARCH_USER_PATHS = NO;
				ASSETCATALOG_COMPILER_GENERATE_SWIFT_ASSET_SYMBOL_EXTENSIONS = YES;
				CLANG_ANALYZER_NONNULL = YES;
				CLANG_ANALYZER_NUMBER_OBJECT_CONVERSION = YES_AGGRESSIVE;
				CLANG_CXX_LANGUAGE_STANDARD = "gnu++20";
				CLANG_ENABLE_MODULES = YES;
				CLANG_ENABLE_OBJC_ARC = YES;
				CLANG_ENABLE_OBJC_WEAK = YES;
				CLANG_WARN_BLOCK_CAPTURE_AUTORELEASING = YES;
				CLANG_WARN_BOOL_CONVERSION = YES;
				CLANG_WARN_COMMA = YES;
				CLANG_WARN_CONSTANT_CONVERSION = YES;
				CLANG_WARN_DEPRECATED_OBJC_IMPLEMENTATIONS = YES;
				CLANG_WARN_DIRECT_OBJC_ISA_USAGE = YES_ERROR;
				CLANG_WARN_DOCUMENTATION_COMMENTS = YES;
				CLANG_WARN_EMPTY_BODY = YES;
				CLANG_WARN_ENUM_CONVERSION = YES;
				CLANG_WARN_INFINITE_RECURSION = YES;
				CLANG_WARN_INT_CONVERSION = YES;
				CLANG_WARN_NON_LITERAL_NULL_CONVERSION = YES;
				CLANG_WARN_OBJC_IMPLICIT_RETAIN_SELF = YES;
				CLANG_WARN_OBJC_LITERAL_CONVERSION = YES;
				CLANG_WARN_OBJC_ROOT_CLASS = YES_ERROR;
				CLANG_WARN_QUOTED_INCLUDE_IN_FRAMEWORK_HEADER = YES;
				CLANG_WARN_RANGE_LOOP_ANALYSIS = YES;
				CLANG_WARN_STRICT_PROTOTYPES = YES;
				CLANG_WARN_SUSPICIOUS_MOVE = YES;
				CLANG_WARN_UNGUARDED_AVAILABILITY = YES_AGGRESSIVE;
				CLANG_WARN_UNREACHABLE_CODE = YES;
				CLANG_WARN__DUPLICATE_METHOD_MATCH = YES;
				COPY_PHASE_STRIP = NO;
				DEBUG_INFORMATION_FORMAT = "dwarf-with-dsym";
				ENABLE_NS_ASSERTIONS = NO;
				ENABLE_STRICT_OBJC_MSGSEND = YES;
				ENABLE_USER_SCRIPT_SANDBOXING = YES;
				GCC_C_LANGUAGE_STANDARD = gnu17;
				GCC_NO_COMMON_BLOCKS = YES;
				GCC_WARN_64_TO_32_BIT_CONVERSION = YES;
				GCC_WARN_ABOUT_RETURN_TYPE = YES_ERROR;
				GCC_WARN_UNDECLARED_SELECTOR = YES;
				GCC_WARN_UNINITIALIZED_AUTOS = YES_AGGRESSIVE;
				GCC_WARN_UNUSED_FUNCTION = YES;
				GCC_WARN_UNUSED_VARIABLE = YES;
				LOCALIZATION_PREFERS_STRING_CATALOGS = YES;
				MACOSX_DEPLOYMENT_TARGET = 14.2;
				MTL_ENABLE_DEBUG_INFO = NO;
				MTL_FAST_MATH = YES;
				SDKROOT = macosx;
				SWIFT_COMPILATION_MODE = wholemodule;
			};
			name = Release;
		};
		57ADB3D52B7B78A200C39F16 /* Debug */ = {
			isa = XCBuildConfiguration;
			buildSettings = {
				ASSETCATALOG_COMPILER_APPICON_NAME = AppIcon;
				ASSETCATALOG_COMPILER_GLOBAL_ACCENT_COLOR_NAME = AccentColor;
				CODE_SIGN_ENTITLEMENTS = FactoryDependencyInjection/FactoryDependencyInjection.entitlements;
				CODE_SIGN_STYLE = Automatic;
				COMBINE_HIDPI_IMAGES = YES;
				CURRENT_PROJECT_VERSION = 1;
				DEVELOPMENT_ASSET_PATHS = "\"FactoryDependencyInjection/Preview Content\"";
				DEVELOPMENT_TEAM = U99DEKVYA3;
				ENABLE_HARDENED_RUNTIME = YES;
				ENABLE_PREVIEWS = YES;
				GENERATE_INFOPLIST_FILE = YES;
				INFOPLIST_KEY_NSHumanReadableCopyright = "";
				LD_RUNPATH_SEARCH_PATHS = (
					"$(inherited)",
					"@executable_path/../Frameworks",
				);
				MARKETING_VERSION = 1.0;
				PRODUCT_BUNDLE_IDENTIFIER = de.alschmut.FactoryDependencyInjection;
				PRODUCT_NAME = "$(TARGET_NAME)";
				SWIFT_EMIT_LOC_STRINGS = YES;
				SWIFT_VERSION = 5.0;
			};
			name = Debug;
		};
		57ADB3D62B7B78A200C39F16 /* Release */ = {
			isa = XCBuildConfiguration;
			buildSettings = {
				ASSETCATALOG_COMPILER_APPICON_NAME = AppIcon;
				ASSETCATALOG_COMPILER_GLOBAL_ACCENT_COLOR_NAME = AccentColor;
				CODE_SIGN_ENTITLEMENTS = FactoryDependencyInjection/FactoryDependencyInjection.entitlements;
				CODE_SIGN_STYLE = Automatic;
				COMBINE_HIDPI_IMAGES = YES;
				CURRENT_PROJECT_VERSION = 1;
				DEVELOPMENT_ASSET_PATHS = "\"FactoryDependencyInjection/Preview Content\"";
				DEVELOPMENT_TEAM = U99DEKVYA3;
				ENABLE_HARDENED_RUNTIME = YES;
				ENABLE_PREVIEWS = YES;
				GENERATE_INFOPLIST_FILE = YES;
				INFOPLIST_KEY_NSHumanReadableCopyright = "";
				LD_RUNPATH_SEARCH_PATHS = (
					"$(inherited)",
					"@executable_path/../Frameworks",
				);
				MARKETING_VERSION = 1.0;
				PRODUCT_BUNDLE_IDENTIFIER = de.alschmut.FactoryDependencyInjection;
				PRODUCT_NAME = "$(TARGET_NAME)";
				SWIFT_EMIT_LOC_STRINGS = YES;
				SWIFT_VERSION = 5.0;
			};
			name = Release;
		};
/* End XCBuildConfiguration section */

/* Begin XCConfigurationList section */
		57ADB3C02B7B78A100C39F16 /* Build configuration list for PBXProject "FactoryDependencyInjection" */ = {
			isa = XCConfigurationList;
			buildConfigurations = (
				57ADB3D22B7B78A200C39F16 /* Debug */,
				57ADB3D32B7B78A200C39F16 /* Release */,
			);
			defaultConfigurationIsVisible = 0;
			defaultConfigurationName = Release;
		};
		57ADB3D42B7B78A200C39F16 /* Build configuration list for PBXNativeTarget "FactoryDependencyInjection" */ = {
			isa = XCConfigurationList;
			buildConfigurations = (
				57ADB3D52B7B78A200C39F16 /* Debug */,
				57ADB3D62B7B78A200C39F16 /* Release */,
			);
			defaultConfigurationIsVisible = 0;
			defaultConfigurationName = Release;
		};
/* End XCConfigurationList section */

/* Begin XCRemoteSwiftPackageReference section */
		57ADB3D72B7B78B800C39F16 /* XCRemoteSwiftPackageReference "Factory" */ = {
			isa = XCRemoteSwiftPackageReference;
			repositoryURL = "https://github.com/hmlongco/Factory";
			requirement = {
				kind = upToNextMajorVersion;
				minimumVersion = 2.3.1;
			};
		};
/* End XCRemoteSwiftPackageReference section */

/* Begin XCSwiftPackageProductDependency section */
		57ADB3D82B7B78B800C39F16 /* Factory */ = {
			isa = XCSwiftPackageProductDependency;
			package = 57ADB3D72B7B78B800C39F16 /* XCRemoteSwiftPackageReference "Factory" */;
			productName = Factory;
		};
/* End XCSwiftPackageProductDependency section */
	};
	rootObject = 57ADB3BD2B7B78A100C39F16 /* Project object */;
}
